
Microsoft Visual Studio Solution File, Format Version 12.00
# Visual Studio Version 17
VisualStudioVersion = 17.4.33205.214
MinimumVisualStudioVersion = 10.0.40219.1
Project("{FAE04EC0-301F-11D3-BF4B-00C04F79EFBC}") = "OopsConcept", "OopsConcept\OopsConcept.csproj", "{4F2FE883-8FA6-49EE-A4D3-BA4F033701E3}"
EndProject
Project("{FAE04EC0-301F-11D3-BF4B-00C04F79EFBC}") = "Abstraction", "Abstraction\Abstraction.csproj", "{4EB4671B-F581-4953-97C3-564FA3973A87}"
EndProject
Project("{FAE04EC0-301F-11D3-BF4B-00C04F79EFBC}") = "Inheritance", "Inheritance\Inheritance.csproj", "{C438739D-84AF-4DF4-9B49-D97EF34DBE0D}"
EndProject
Project("{FAE04EC0-301F-11D3-BF4B-00C04F79EFBC}") = "Polymorphism", "Polymorphism\Polymorphism.csproj", "{0319BBAD-26DA-4221-BFC7-D813C1A548CD}"
EndProject
Project("{FAE04EC0-301F-11D3-BF4B-00C04F79EFBC}") = "Encapsulation", "Encapsulation\Encapsulation.csproj", "{C82A66DF-3DC5-4DDC-84C1-47F9E01A0847}"
EndProject
Project("{FAE04EC0-301F-11D3-BF4B-00C04F79EFBC}") = "MethodOverloading", "MethodOverloading\MethodOverloading.csproj", "{04EAB697-5038-4091-A5C1-B266A92E5AE0}"
EndProject
Project("{FAE04EC0-301F-11D3-BF4B-00C04F79EFBC}") = "MethodOverriding", "Overriding\MethodOverriding.csproj", "{F6B3349E-B45B-4F9F-9F01-B242793E583A}"
EndProject
Project("{FAE04EC0-301F-11D3-BF4B-00C04F79EFBC}") = "AbstractClasses", "AbstractClasses\AbstractClasses.csproj", "{3719EBD0-BB9F-4005-854E-A6DE5ADBB31F}"
EndProject
Project("{FAE04EC0-301F-11D3-BF4B-00C04F79EFBC}") = "Interfaces", "Interfaces\Interfaces.csproj", "{864964C8-6C01-4A3E-8419-EC198420B088}"
EndProject
Project("{FAE04EC0-301F-11D3-BF4B-00C04F79EFBC}") = "Delegates", "Delegates\Delegates.csproj", "{86807F85-D371-4C48-8BAF-D3D73CC01DA2}"
EndProject
Project("{FAE04EC0-301F-11D3-BF4B-00C04F79EFBC}") = "Events", "Events\Events.csproj", "{66B8FF49-E194-448C-AAF1-3F6C1EC8A2B9}"
EndProject
Project("{FAE04EC0-301F-11D3-BF4B-00C04F79EFBC}") = "Constructors", "Constructors\Constructors.csproj", "{ED68A36C-1C17-47EE-87F5-A093D746CBD5}"
EndProject
Project("{FAE04EC0-301F-11D3-BF4B-00C04F79EFBC}") = "ExtensionMethods", "ExtensionMethods\ExtensionMethods.csproj", "{58E7EB64-8392-40D9-A262-D7BB890AC7E4}"
EndProject
Project("{FAE04EC0-301F-11D3-BF4B-00C04F79EFBC}") = "VolatileKeyword", "VolatileKeyword\VolatileKeyword.csproj", "{40134CA0-1928-4F87-946E-6501A53DC2A6}"
EndProject
Project("{FAE04EC0-301F-11D3-BF4B-00C04F79EFBC}") = "Tuples", "Tuples\Tuples.csproj", "{264CD9D8-D39D-45D9-BF3B-339B048ABF30}"
EndProject
Global
	GlobalSection(SolutionConfigurationPlatforms) = preSolution
		Debug|Any CPU = Debug|Any CPU
		Release|Any CPU = Release|Any CPU
	EndGlobalSection
	GlobalSection(ProjectConfigurationPlatforms) = postSolution
		{4F2FE883-8FA6-49EE-A4D3-BA4F033701E3}.Debug|Any CPU.ActiveCfg = Debug|Any CPU
		{4F2FE883-8FA6-49EE-A4D3-BA4F033701E3}.Debug|Any CPU.Build.0 = Debug|Any CPU
		{4F2FE883-8FA6-49EE-A4D3-BA4F033701E3}.Release|Any CPU.ActiveCfg = Release|Any CPU
		{4F2FE883-8FA6-49EE-A4D3-BA4F033701E3}.Release|Any CPU.Build.0 = Release|Any CPU
		{4EB4671B-F581-4953-97C3-564FA3973A87}.Debug|Any CPU.ActiveCfg = Debug|Any CPU
		{4EB4671B-F581-4953-97C3-564FA3973A87}.Debug|Any CPU.Build.0 = Debug|Any CPU
		{4EB4671B-F581-4953-97C3-564FA3973A87}.Release|Any CPU.ActiveCfg = Release|Any CPU
		{4EB4671B-F581-4953-97C3-564FA3973A87}.Release|Any CPU.Build.0 = Release|Any CPU
		{C438739D-84AF-4DF4-9B49-D97EF34DBE0D}.Debug|Any CPU.ActiveCfg = Debug|Any CPU
		{C438739D-84AF-4DF4-9B49-D97EF34DBE0D}.Debug|Any CPU.Build.0 = Debug|Any CPU
		{C438739D-84AF-4DF4-9B49-D97EF34DBE0D}.Release|Any CPU.ActiveCfg = Release|Any CPU
		{C438739D-84AF-4DF4-9B49-D97EF34DBE0D}.Release|Any CPU.Build.0 = Release|Any CPU
		{0319BBAD-26DA-4221-BFC7-D813C1A548CD}.Debug|Any CPU.ActiveCfg = Debug|Any CPU
		{0319BBAD-26DA-4221-BFC7-D813C1A548CD}.Debug|Any CPU.Build.0 = Debug|Any CPU
		{0319BBAD-26DA-4221-BFC7-D813C1A548CD}.Release|Any CPU.ActiveCfg = Release|Any CPU
		{0319BBAD-26DA-4221-BFC7-D813C1A548CD}.Release|Any CPU.Build.0 = Release|Any CPU
		{C82A66DF-3DC5-4DDC-84C1-47F9E01A0847}.Debug|Any CPU.ActiveCfg = Debug|Any CPU
		{C82A66DF-3DC5-4DDC-84C1-47F9E01A0847}.Debug|Any CPU.Build.0 = Debug|Any CPU
		{C82A66DF-3DC5-4DDC-84C1-47F9E01A0847}.Release|Any CPU.ActiveCfg = Release|Any CPU
		{C82A66DF-3DC5-4DDC-84C1-47F9E01A0847}.Release|Any CPU.Build.0 = Release|Any CPU
		{04EAB697-5038-4091-A5C1-B266A92E5AE0}.Debug|Any CPU.ActiveCfg = Debug|Any CPU
		{04EAB697-5038-4091-A5C1-B266A92E5AE0}.Debug|Any CPU.Build.0 = Debug|Any CPU
		{04EAB697-5038-4091-A5C1-B266A92E5AE0}.Release|Any CPU.ActiveCfg = Release|Any CPU
		{04EAB697-5038-4091-A5C1-B266A92E5AE0}.Release|Any CPU.Build.0 = Release|Any CPU
		{F6B3349E-B45B-4F9F-9F01-B242793E583A}.Debug|Any CPU.ActiveCfg = Debug|Any CPU
		{F6B3349E-B45B-4F9F-9F01-B242793E583A}.Debug|Any CPU.Build.0 = Debug|Any CPU
		{F6B3349E-B45B-4F9F-9F01-B242793E583A}.Release|Any CPU.ActiveCfg = Release|Any CPU
		{F6B3349E-B45B-4F9F-9F01-B242793E583A}.Release|Any CPU.Build.0 = Release|Any CPU
		{3719EBD0-BB9F-4005-854E-A6DE5ADBB31F}.Debug|Any CPU.ActiveCfg = Debug|Any CPU
		{3719EBD0-BB9F-4005-854E-A6DE5ADBB31F}.Debug|Any CPU.Build.0 = Debug|Any CPU
		{3719EBD0-BB9F-4005-854E-A6DE5ADBB31F}.Release|Any CPU.ActiveCfg = Release|Any CPU
		{3719EBD0-BB9F-4005-854E-A6DE5ADBB31F}.Release|Any CPU.Build.0 = Release|Any CPU
		{864964C8-6C01-4A3E-8419-EC198420B088}.Debug|Any CPU.ActiveCfg = Debug|Any CPU
		{864964C8-6C01-4A3E-8419-EC198420B088}.Debug|Any CPU.Build.0 = Debug|Any CPU
		{864964C8-6C01-4A3E-8419-EC198420B088}.Release|Any CPU.ActiveCfg = Release|Any CPU
		{864964C8-6C01-4A3E-8419-EC198420B088}.Release|Any CPU.Build.0 = Release|Any CPU
		{86807F85-D371-4C48-8BAF-D3D73CC01DA2}.Debug|Any CPU.ActiveCfg = Debug|Any CPU
		{86807F85-D371-4C48-8BAF-D3D73CC01DA2}.Debug|Any CPU.Build.0 = Debug|Any CPU
		{86807F85-D371-4C48-8BAF-D3D73CC01DA2}.Release|Any CPU.ActiveCfg = Release|Any CPU
		{86807F85-D371-4C48-8BAF-D3D73CC01DA2}.Release|Any CPU.Build.0 = Release|Any CPU
		{66B8FF49-E194-448C-AAF1-3F6C1EC8A2B9}.Debug|Any CPU.ActiveCfg = Debug|Any CPU
		{66B8FF49-E194-448C-AAF1-3F6C1EC8A2B9}.Debug|Any CPU.Build.0 = Debug|Any CPU
		{66B8FF49-E194-448C-AAF1-3F6C1EC8A2B9}.Release|Any CPU.ActiveCfg = Release|Any CPU
		{66B8FF49-E194-448C-AAF1-3F6C1EC8A2B9}.Release|Any CPU.Build.0 = Release|Any CPU
		{ED68A36C-1C17-47EE-87F5-A093D746CBD5}.Debug|Any CPU.ActiveCfg = Debug|Any CPU
		{ED68A36C-1C17-47EE-87F5-A093D746CBD5}.Debug|Any CPU.Build.0 = Debug|Any CPU
		{ED68A36C-1C17-47EE-87F5-A093D746CBD5}.Release|Any CPU.ActiveCfg = Release|Any CPU
		{ED68A36C-1C17-47EE-87F5-A093D746CBD5}.Release|Any CPU.Build.0 = Release|Any CPU
		{58E7EB64-8392-40D9-A262-D7BB890AC7E4}.Debug|Any CPU.ActiveCfg = Debug|Any CPU
		{58E7EB64-8392-40D9-A262-D7BB890AC7E4}.Debug|Any CPU.Build.0 = Debug|Any CPU
		{58E7EB64-8392-40D9-A262-D7BB890AC7E4}.Release|Any CPU.ActiveCfg = Release|Any CPU
		{58E7EB64-8392-40D9-A262-D7BB890AC7E4}.Release|Any CPU.Build.0 = Release|Any CPU
		{40134CA0-1928-4F87-946E-6501A53DC2A6}.Debug|Any CPU.ActiveCfg = Debug|Any CPU
		{40134CA0-1928-4F87-946E-6501A53DC2A6}.Debug|Any CPU.Build.0 = Debug|Any CPU
		{40134CA0-1928-4F87-946E-6501A53DC2A6}.Release|Any CPU.ActiveCfg = Release|Any CPU
		{40134CA0-1928-4F87-946E-6501A53DC2A6}.Release|Any CPU.Build.0 = Release|Any CPU
		{264CD9D8-D39D-45D9-BF3B-339B048ABF30}.Debug|Any CPU.ActiveCfg = Debug|Any CPU
		{264CD9D8-D39D-45D9-BF3B-339B048ABF30}.Debug|Any CPU.Build.0 = Debug|Any CPU
		{264CD9D8-D39D-45D9-BF3B-339B048ABF30}.Release|Any CPU.ActiveCfg = Release|Any CPU
		{264CD9D8-D39D-45D9-BF3B-339B048ABF30}.Release|Any CPU.Build.0 = Release|Any CPU
	EndGlobalSection
	GlobalSection(SolutionProperties) = preSolution
		HideSolutionNode = FALSE
	EndGlobalSection
	GlobalSection(ExtensibilityGlobals) = postSolution
		SolutionGuid = {5ECC69B0-E3B8-4811-B736-6B30301F4EC9}
	EndGlobalSection
EndGlobal
